
Microsoft Visual Studio Solution File, Format Version 12.00
# Visual Studio 15
VisualStudioVersion = 15.0.28307.168
MinimumVisualStudioVersion = 10.0.40219.1
Project("{2150E333-8FDC-42A3-9474-1A3956D46DE8}") = "Web", "Web", "{C61EFA13-3EE3-4CF4-BD32-A90ED1575ED0}"
EndProject
Project("{9A19103F-16F7-4668-BE54-9A1E7A4F7556}") = "SimpleAds.Web", "Web\SimpleAds.Web\SimpleAds.Web.csproj", "{D71728FD-0245-4910-B9B4-ED02B659DF4A}"
EndProject
Project("{2150E333-8FDC-42A3-9474-1A3956D46DE8}") = "Data", "Data", "{0E17BF07-25A6-44F6-AE53-45DB53F04D9C}"
EndProject
Project("{9A19103F-16F7-4668-BE54-9A1E7A4F7556}") = "SimpleAds.Data", "Data\SimpleAds.Data\SimpleAds.Data.csproj", "{D8D86C22-CC55-4700-92CC-4258D9071E83}"
EndProject
Project("{9A19103F-16F7-4668-BE54-9A1E7A4F7556}") = "SimpleAds.Data.Models", "Data\SimpleAds.Data.Models\SimpleAds.Data.Models.csproj", "{60265799-33B9-41AA-BCE2-08DA939CB13B}"
EndProject
Project("{2150E333-8FDC-42A3-9474-1A3956D46DE8}") = "Services", "Services", "{742E39BE-82FB-458E-82FA-BEE3EA131085}"
EndProject
Project("{9A19103F-16F7-4668-BE54-9A1E7A4F7556}") = "SimpleAds.Services", "Services\SimpleAds.Services\SimpleAds.Services.csproj", "{D1E13878-F96F-4CA2-96E2-72B7E2F0B37B}"
EndProject
Project("{9A19103F-16F7-4668-BE54-9A1E7A4F7556}") = "SimpleAds.Services.ViewModels", "Services\SimpleAds.Services.ViewModels\SimpleAds.Services.ViewModels.csproj", "{ACCCFC86-5AC3-4FE3-8A0A-E798B71C0F90}"
EndProject
Global
	GlobalSection(SolutionConfigurationPlatforms) = preSolution
		Debug|Any CPU = Debug|Any CPU
		Release|Any CPU = Release|Any CPU
	EndGlobalSection
	GlobalSection(ProjectConfigurationPlatforms) = postSolution
		{D71728FD-0245-4910-B9B4-ED02B659DF4A}.Debug|Any CPU.ActiveCfg = Debug|Any CPU
		{D71728FD-0245-4910-B9B4-ED02B659DF4A}.Debug|Any CPU.Build.0 = Debug|Any CPU
		{D71728FD-0245-4910-B9B4-ED02B659DF4A}.Release|Any CPU.ActiveCfg = Release|Any CPU
		{D71728FD-0245-4910-B9B4-ED02B659DF4A}.Release|Any CPU.Build.0 = Release|Any CPU
		{D8D86C22-CC55-4700-92CC-4258D9071E83}.Debug|Any CPU.ActiveCfg = Debug|Any CPU
		{D8D86C22-CC55-4700-92CC-4258D9071E83}.Debug|Any CPU.Build.0 = Debug|Any CPU
		{D8D86C22-CC55-4700-92CC-4258D9071E83}.Release|Any CPU.ActiveCfg = Release|Any CPU
		{D8D86C22-CC55-4700-92CC-4258D9071E83}.Release|Any CPU.Build.0 = Release|Any CPU
		{60265799-33B9-41AA-BCE2-08DA939CB13B}.Debug|Any CPU.ActiveCfg = Debug|Any CPU
		{60265799-33B9-41AA-BCE2-08DA939CB13B}.Debug|Any CPU.Build.0 = Debug|Any CPU
		{60265799-33B9-41AA-BCE2-08DA939CB13B}.Release|Any CPU.ActiveCfg = Release|Any CPU
		{60265799-33B9-41AA-BCE2-08DA939CB13B}.Release|Any CPU.Build.0 = Release|Any CPU
		{D1E13878-F96F-4CA2-96E2-72B7E2F0B37B}.Debug|Any CPU.ActiveCfg = Debug|Any CPU
		{D1E13878-F96F-4CA2-96E2-72B7E2F0B37B}.Debug|Any CPU.Build.0 = Debug|Any CPU
		{D1E13878-F96F-4CA2-96E2-72B7E2F0B37B}.Release|Any CPU.ActiveCfg = Release|Any CPU
		{D1E13878-F96F-4CA2-96E2-72B7E2F0B37B}.Release|Any CPU.Build.0 = Release|Any CPU
		{ACCCFC86-5AC3-4FE3-8A0A-E798B71C0F90}.Debug|Any CPU.ActiveCfg = Debug|Any CPU
		{ACCCFC86-5AC3-4FE3-8A0A-E798B71C0F90}.Debug|Any CPU.Build.0 = Debug|Any CPU
		{ACCCFC86-5AC3-4FE3-8A0A-E798B71C0F90}.Release|Any CPU.ActiveCfg = Release|Any CPU
		{ACCCFC86-5AC3-4FE3-8A0A-E798B71C0F90}.Release|Any CPU.Build.0 = Release|Any CPU
	EndGlobalSection
	GlobalSection(SolutionProperties) = preSolution
		HideSolutionNode = FALSE
	EndGlobalSection
	GlobalSection(NestedProjects) = preSolution
		{D71728FD-0245-4910-B9B4-ED02B659DF4A} = {C61EFA13-3EE3-4CF4-BD32-A90ED1575ED0}
		{D8D86C22-CC55-4700-92CC-4258D9071E83} = {0E17BF07-25A6-44F6-AE53-45DB53F04D9C}
		{60265799-33B9-41AA-BCE2-08DA939CB13B} = {0E17BF07-25A6-44F6-AE53-45DB53F04D9C}
		{D1E13878-F96F-4CA2-96E2-72B7E2F0B37B} = {742E39BE-82FB-458E-82FA-BEE3EA131085}
		{ACCCFC86-5AC3-4FE3-8A0A-E798B71C0F90} = {742E39BE-82FB-458E-82FA-BEE3EA131085}
	EndGlobalSection
	GlobalSection(ExtensibilityGlobals) = postSolution
		SolutionGuid = {1F02C883-9DA6-42A7-B66F-A003439E7327}
	EndGlobalSection
EndGlobal
